// !$*UTF8*$!
{
	archiveVersion = 1;
	classes = {
	};
	objectVersion = 77;
	objects = {

/* Begin PBXBuildFile section */
		6D1EAA6E2E6141D9005572D3 /* FirebaseAnalytics in Frameworks */ = {isa = PBXBuildFile; productRef = 6D1EAA6D2E6141D9005572D3 /* FirebaseAnalytics */; };
		6D1EAA702E6141D9005572D3 /* FirebaseAuth in Frameworks */ = {isa = PBXBuildFile; productRef = 6D1EAA6F2E6141D9005572D3 /* FirebaseAuth */; };
		6D1EAA722E6141D9005572D3 /* FirebaseFirestore in Frameworks */ = {isa = PBXBuildFile; productRef = 6D1EAA712E6141D9005572D3 /* FirebaseFirestore */; };
		6D1EAA742E6141D9005572D3 /* FirebaseFunctions in Frameworks */ = {isa = PBXBuildFile; productRef = 6D1EAA732E6141D9005572D3 /* FirebaseFunctions */; };
		6D1EAA762E6141D9005572D3 /* FirebaseMessaging in Frameworks */ = {isa = PBXBuildFile; productRef = 6D1EAA752E6141D9005572D3 /* FirebaseMessaging */; };
		6D1EAA782E614233005572D3 /* GoogleService-Info.plist in Resources */ = {isa = PBXBuildFile; fileRef = 6D1EAA772E614233005572D3 /* GoogleService-Info.plist */; };
		6D34307F2E4511D7003F0058 /* SpotifyiOS in Frameworks */ = {isa = PBXBuildFile; productRef = 6D34307E2E4511D7003F0058 /* SpotifyiOS */; };
/* End PBXBuildFile section */

/* Begin PBXContainerItemProxy section */
		6DBD7F712E343DF600608F0D /* PBXContainerItemProxy */ = {
			isa = PBXContainerItemProxy;
			containerPortal = 6DBD7F5A2E343DF300608F0D /* Project object */;
			proxyType = 1;
			remoteGlobalIDString = 6DBD7F612E343DF300608F0D;
			remoteInfo = RunBeat;
		};
		6DBD7F7B2E343DF600608F0D /* PBXContainerItemProxy */ = {
			isa = PBXContainerItemProxy;
			containerPortal = 6DBD7F5A2E343DF300608F0D /* Project object */;
			proxyType = 1;
			remoteGlobalIDString = 6DBD7F612E343DF300608F0D;
			remoteInfo = RunBeat;
		};
/* End PBXContainerItemProxy section */

/* Begin PBXFileReference section */
		6D1EAA772E614233005572D3 /* GoogleService-Info.plist */ = {isa = PBXFileReference; lastKnownFileType = text.plist.xml; path = "GoogleService-Info.plist"; sourceTree = "<group>"; };
		6DBD7F622E343DF300608F0D /* RunBeat.app */ = {isa = PBXFileReference; explicitFileType = wrapper.application; includeInIndex = 0; path = RunBeat.app; sourceTree = BUILT_PRODUCTS_DIR; };
		6DBD7F702E343DF600608F0D /* RunBeatTests.xctest */ = {isa = PBXFileReference; explicitFileType = wrapper.cfbundle; includeInIndex = 0; path = RunBeatTests.xctest; sourceTree = BUILT_PRODUCTS_DIR; };
		6DBD7F7A2E343DF600608F0D /* RunBeatUITests.xctest */ = {isa = PBXFileReference; explicitFileType = wrapper.cfbundle; includeInIndex = 0; path = RunBeatUITests.xctest; sourceTree = BUILT_PRODUCTS_DIR; };
/* End PBXFileReference section */

/* Begin PBXFileSystemSynchronizedRootGroup section */
		6DBD7F642E343DF300608F0D /* RunBeat */ = {
			isa = PBXFileSystemSynchronizedRootGroup;
			path = RunBeat;
			sourceTree = "<group>";
		};
		6DBD7F732E343DF600608F0D /* RunBeatTests */ = {
			isa = PBXFileSystemSynchronizedRootGroup;
			path = RunBeatTests;
			sourceTree = "<group>";
		};
		6DBD7F7D2E343DF600608F0D /* RunBeatUITests */ = {
			isa = PBXFileSystemSynchronizedRootGroup;
			path = RunBeatUITests;
			sourceTree = "<group>";
		};
/* End PBXFileSystemSynchronizedRootGroup section */

/* Begin PBXFrameworksBuildPhase section */
		6DBD7F5F2E343DF300608F0D /* Frameworks */ = {
			isa = PBXFrameworksBuildPhase;
			buildActionMask = 2147483647;
			files = (
				6D1EAA762E6141D9005572D3 /* FirebaseMessaging in Frameworks */,
				6D1EAA6E2E6141D9005572D3 /* FirebaseAnalytics in Frameworks */,
				6D1EAA722E6141D9005572D3 /* FirebaseFirestore in Frameworks */,
				6D1EAA742E6141D9005572D3 /* FirebaseFunctions in Frameworks */,
				6D1EAA702E6141D9005572D3 /* FirebaseAuth in Frameworks */,
				6D34307F2E4511D7003F0058 /* SpotifyiOS in Frameworks */,
			);
			runOnlyForDeploymentPostprocessing = 0;
		};
		6DBD7F6D2E343DF600608F0D /* Frameworks */ = {
			isa = PBXFrameworksBuildPhase;
			buildActionMask = 2147483647;
			files = (
			);
			runOnlyForDeploymentPostprocessing = 0;
		};
		6DBD7F772E343DF600608F0D /* Frameworks */ = {
			isa = PBXFrameworksBuildPhase;
			buildActionMask = 2147483647;
			files = (
			);
			runOnlyForDeploymentPostprocessing = 0;
		};
/* End PBXFrameworksBuildPhase section */

/* Begin PBXGroup section */
		6DBD7F592E343DF300608F0D = {
			isa = PBXGroup;
			children = (
				6DBD7F642E343DF300608F0D /* RunBeat */,
				6DBD7F732E343DF600608F0D /* RunBeatTests */,
				6DBD7F7D2E343DF600608F0D /* RunBeatUITests */,
				6DBD7F632E343DF300608F0D /* Products */,
				6D1EAA772E614233005572D3 /* GoogleService-Info.plist */,
			);
			sourceTree = "<group>";
		};
		6DBD7F632E343DF300608F0D /* Products */ = {
			isa = PBXGroup;
			children = (
				6DBD7F622E343DF300608F0D /* RunBeat.app */,
				6DBD7F702E343DF600608F0D /* RunBeatTests.xctest */,
				6DBD7F7A2E343DF600608F0D /* RunBeatUITests.xctest */,
			);
			name = Products;
			sourceTree = "<group>";
		};
/* End PBXGroup section */

/* Begin PBXNativeTarget section */
		6DBD7F612E343DF300608F0D /* RunBeat */ = {
			isa = PBXNativeTarget;
			buildConfigurationList = 6DBD7F842E343DF600608F0D /* Build configuration list for PBXNativeTarget "RunBeat" */;
			buildPhases = (
				6DBD7F5E2E343DF300608F0D /* Sources */,
				6DBD7F5F2E343DF300608F0D /* Frameworks */,
				6DBD7F602E343DF300608F0D /* Resources */,
			);
			buildRules = (
			);
			dependencies = (
			);
			fileSystemSynchronizedGroups = (
				6DBD7F642E343DF300608F0D /* RunBeat */,
			);
			name = RunBeat;
			packageProductDependencies = (
				6D34307E2E4511D7003F0058 /* SpotifyiOS */,
				6D1EAA6D2E6141D9005572D3 /* FirebaseAnalytics */,
				6D1EAA6F2E6141D9005572D3 /* FirebaseAuth */,
				6D1EAA712E6141D9005572D3 /* FirebaseFirestore */,
				6D1EAA732E6141D9005572D3 /* FirebaseFunctions */,
				6D1EAA752E6141D9005572D3 /* FirebaseMessaging */,
			);
			productName = RunBeat;
			productReference = 6DBD7F622E343DF300608F0D /* RunBeat.app */;
			productType = "com.apple.product-type.application";
		};
		6DBD7F6F2E343DF600608F0D /* RunBeatTests */ = {
			isa = PBXNativeTarget;
			buildConfigurationList = 6DBD7F872E343DF600608F0D /* Build configuration list for PBXNativeTarget "RunBeatTests" */;
			buildPhases = (
				6DBD7F6C2E343DF600608F0D /* Sources */,
				6DBD7F6D2E343DF600608F0D /* Frameworks */,
				6DBD7F6E2E343DF600608F0D /* Resources */,
			);
			buildRules = (
			);
			dependencies = (
				6DBD7F722E343DF600608F0D /* PBXTargetDependency */,
			);
			fileSystemSynchronizedGroups = (
				6DBD7F732E343DF600608F0D /* RunBeatTests */,
			);
			name = RunBeatTests;
			packageProductDependencies = (
			);
			productName = RunBeatTests;
			productReference = 6DBD7F702E343DF600608F0D /* RunBeatTests.xctest */;
			productType = "com.apple.product-type.bundle.unit-test";
		};
		6DBD7F792E343DF600608F0D /* RunBeatUITests */ = {
			isa = PBXNativeTarget;
			buildConfigurationList = 6DBD7F8A2E343DF600608F0D /* Build configuration list for PBXNativeTarget "RunBeatUITests" */;
			buildPhases = (
				6DBD7F762E343DF600608F0D /* Sources */,
				6DBD7F772E343DF600608F0D /* Frameworks */,
				6DBD7F782E343DF600608F0D /* Resources */,
			);
			buildRules = (
			);
			dependencies = (
				6DBD7F7C2E343DF600608F0D /* PBXTargetDependency */,
			);
			fileSystemSynchronizedGroups = (
				6DBD7F7D2E343DF600608F0D /* RunBeatUITests */,
			);
			name = RunBeatUITests;
			packageProductDependencies = (
			);
			productName = RunBeatUITests;
			productReference = 6DBD7F7A2E343DF600608F0D /* RunBeatUITests.xctest */;
			productType = "com.apple.product-type.bundle.ui-testing";
		};
/* End PBXNativeTarget section */

/* Begin PBXProject section */
		6DBD7F5A2E343DF300608F0D /* Project object */ = {
			isa = PBXProject;
			attributes = {
				BuildIndependentTargetsInParallel = 1;
				LastSwiftUpdateCheck = 1640;
				LastUpgradeCheck = 2600;
				TargetAttributes = {
					6DBD7F612E343DF300608F0D = {
						CreatedOnToolsVersion = 16.4;
					};
					6DBD7F6F2E343DF600608F0D = {
						CreatedOnToolsVersion = 16.4;
						TestTargetID = 6DBD7F612E343DF300608F0D;
					};
					6DBD7F792E343DF600608F0D = {
						CreatedOnToolsVersion = 16.4;
						TestTargetID = 6DBD7F612E343DF300608F0D;
					};
				};
			};
			buildConfigurationList = 6DBD7F5D2E343DF300608F0D /* Build configuration list for PBXProject "RunBeat" */;
			developmentRegion = en;
			hasScannedForEncodings = 0;
			knownRegions = (
				en,
				Base,
			);
			mainGroup = 6DBD7F592E343DF300608F0D;
			minimizedProjectReferenceProxies = 1;
			packageReferences = (
				6D34307D2E4511D7003F0058 /* XCRemoteSwiftPackageReference "ios-sdk" */,
				6D1EAA6C2E6141D9005572D3 /* XCRemoteSwiftPackageReference "firebase-ios-sdk" */,
			);
			preferredProjectObjectVersion = 77;
			productRefGroup = 6DBD7F632E343DF300608F0D /* Products */;
			projectDirPath = "";
			projectRoot = "";
			targets = (
				6DBD7F612E343DF300608F0D /* RunBeat */,
				6DBD7F6F2E343DF600608F0D /* RunBeatTests */,
				6DBD7F792E343DF600608F0D /* RunBeatUITests */,
			);
		};
/* End PBXProject section */

/* Begin PBXResourcesBuildPhase section */
		6DBD7F602E343DF300608F0D /* Resources */ = {
			isa = PBXResourcesBuildPhase;
			buildActionMask = 2147483647;
			files = (
				6D1EAA782E614233005572D3 /* GoogleService-Info.plist in Resources */,
			);
			runOnlyForDeploymentPostprocessing = 0;
		};
		6DBD7F6E2E343DF600608F0D /* Resources */ = {
			isa = PBXResourcesBuildPhase;
			buildActionMask = 2147483647;
			files = (
			);
			runOnlyForDeploymentPostprocessing = 0;
		};
		6DBD7F782E343DF600608F0D /* Resources */ = {
			isa = PBXResourcesBuildPhase;
			buildActionMask = 2147483647;
			files = (
			);
			runOnlyForDeploymentPostprocessing = 0;
		};
/* End PBXResourcesBuildPhase section */

/* Begin PBXSourcesBuildPhase section */
		6DBD7F5E2E343DF300608F0D /* Sources */ = {
			isa = PBXSourcesBuildPhase;
			buildActionMask = 2147483647;
			files = (
			);
			runOnlyForDeploymentPostprocessing = 0;
		};
		6DBD7F6C2E343DF600608F0D /* Sources */ = {
			isa = PBXSourcesBuildPhase;
			buildActionMask = 2147483647;
			files = (
			);
			runOnlyForDeploymentPostprocessing = 0;
		};
		6DBD7F762E343DF600608F0D /* Sources */ = {
			isa = PBXSourcesBuildPhase;
			buildActionMask = 2147483647;
			files = (
			);
			runOnlyForDeploymentPostprocessing = 0;
		};
/* End PBXSourcesBuildPhase section */

/* Begin PBXTargetDependency section */
		6DBD7F722E343DF600608F0D /* PBXTargetDependency */ = {
			isa = PBXTargetDependency;
			target = 6DBD7F612E343DF300608F0D /* RunBeat */;
			targetProxy = 6DBD7F712E343DF600608F0D /* PBXContainerItemProxy */;
		};
		6DBD7F7C2E343DF600608F0D /* PBXTargetDependency */ = {
			isa = PBXTargetDependency;
			target = 6DBD7F612E343DF300608F0D /* RunBeat */;
			targetProxy = 6DBD7F7B2E343DF600608F0D /* PBXContainerItemProxy */;
		};
/* End PBXTargetDependency section */

/* Begin XCBuildConfiguration section */
		6DBD7F822E343DF600608F0D /* Debug */ = {
			isa = XCBuildConfiguration;
			buildSettings = {
				ALWAYS_SEARCH_USER_PATHS = NO;
				ASSETCATALOG_COMPILER_GENERATE_SWIFT_ASSET_SYMBOL_EXTENSIONS = YES;
				CLANG_ANALYZER_NONNULL = YES;
				CLANG_ANALYZER_NUMBER_OBJECT_CONVERSION = YES_AGGRESSIVE;
				CLANG_CXX_LANGUAGE_STANDARD = "gnu++20";
				CLANG_ENABLE_MODULES = YES;
				CLANG_ENABLE_OBJC_ARC = YES;
				CLANG_ENABLE_OBJC_WEAK = YES;
				CLANG_WARN_BLOCK_CAPTURE_AUTORELEASING = YES;
				CLANG_WARN_BOOL_CONVERSION = YES;
				CLANG_WARN_COMMA = YES;
				CLANG_WARN_CONSTANT_CONVERSION = YES;
				CLANG_WARN_DEPRECATED_OBJC_IMPLEMENTATIONS = YES;
				CLANG_WARN_DIRECT_OBJC_ISA_USAGE = YES_ERROR;
				CLANG_WARN_DOCUMENTATION_COMMENTS = YES;
				CLANG_WARN_EMPTY_BODY = YES;
				CLANG_WARN_ENUM_CONVERSION = YES;
				CLANG_WARN_INFINITE_RECURSION = YES;
				CLANG_WARN_INT_CONVERSION = YES;
				CLANG_WARN_NON_LITERAL_NULL_CONVERSION = YES;
				CLANG_WARN_OBJC_IMPLICIT_RETAIN_SELF = YES;
				CLANG_WARN_OBJC_LITERAL_CONVERSION = YES;
				CLANG_WARN_OBJC_ROOT_CLASS = YES_ERROR;
				CLANG_WARN_QUOTED_INCLUDE_IN_FRAMEWORK_HEADER = YES;
				CLANG_WARN_RANGE_LOOP_ANALYSIS = YES;
				CLANG_WARN_STRICT_PROTOTYPES = YES;
				CLANG_WARN_SUSPICIOUS_MOVE = YES;
				CLANG_WARN_UNGUARDED_AVAILABILITY = YES_AGGRESSIVE;
				CLANG_WARN_UNREACHABLE_CODE = YES;
				CLANG_WARN__DUPLICATE_METHOD_MATCH = YES;
				COPY_PHASE_STRIP = NO;
				DEAD_CODE_STRIPPING = YES;
				DEBUG_INFORMATION_FORMAT = dwarf;
				ENABLE_STRICT_OBJC_MSGSEND = YES;
				ENABLE_TESTABILITY = YES;
				ENABLE_USER_SCRIPT_SANDBOXING = YES;
				GCC_C_LANGUAGE_STANDARD = gnu17;
				GCC_DYNAMIC_NO_PIC = NO;
				GCC_NO_COMMON_BLOCKS = YES;
				GCC_OPTIMIZATION_LEVEL = 0;
				GCC_PREPROCESSOR_DEFINITIONS = (
					"DEBUG=1",
					"$(inherited)",
				);
				GCC_WARN_64_TO_32_BIT_CONVERSION = YES;
				GCC_WARN_ABOUT_RETURN_TYPE = YES_ERROR;
				GCC_WARN_UNDECLARED_SELECTOR = YES;
				GCC_WARN_UNINITIALIZED_AUTOS = YES_AGGRESSIVE;
				GCC_WARN_UNUSED_FUNCTION = YES;
				GCC_WARN_UNUSED_VARIABLE = YES;
				LOCALIZATION_PREFERS_STRING_CATALOGS = YES;
				MTL_ENABLE_DEBUG_INFO = INCLUDE_SOURCE;
				MTL_FAST_MATH = YES;
				ONLY_ACTIVE_ARCH = YES;
				STRING_CATALOG_GENERATE_SYMBOLS = YES;
				SWIFT_ACTIVE_COMPILATION_CONDITIONS = "DEBUG $(inherited)";
				SWIFT_OPTIMIZATION_LEVEL = "-Onone";
			};
			name = Debug;
		};
		6DBD7F832E343DF600608F0D /* Release */ = {
			isa = XCBuildConfiguration;
			buildSettings = {
				ALWAYS_SEARCH_USER_PATHS = NO;
				ASSETCATALOG_COMPILER_GENERATE_SWIFT_ASSET_SYMBOL_EXTENSIONS = YES;
				CLANG_ANALYZER_NONNULL = YES;
				CLANG_ANALYZER_NUMBER_OBJECT_CONVERSION = YES_AGGRESSIVE;
				CLANG_CXX_LANGUAGE_STANDARD = "gnu++20";
				CLANG_ENABLE_MODULES = YES;
				CLANG_ENABLE_OBJC_ARC = YES;
				CLANG_ENABLE_OBJC_WEAK = YES;
				CLANG_WARN_BLOCK_CAPTURE_AUTORELEASING = YES;
				CLANG_WARN_BOOL_CONVERSION = YES;
				CLANG_WARN_COMMA = YES;
				CLANG_WARN_CONSTANT_CONVERSION = YES;
				CLANG_WARN_DEPRECATED_OBJC_IMPLEMENTATIONS = YES;
				CLANG_WARN_DIRECT_OBJC_ISA_USAGE = YES_ERROR;
				CLANG_WARN_DOCUMENTATION_COMMENTS = YES;
				CLANG_WARN_EMPTY_BODY = YES;
				CLANG_WARN_ENUM_CONVERSION = YES;
				CLANG_WARN_INFINITE_RECURSION = YES;
				CLANG_WARN_INT_CONVERSION = YES;
				CLANG_WARN_NON_LITERAL_NULL_CONVERSION = YES;
				CLANG_WARN_OBJC_IMPLICIT_RETAIN_SELF = YES;
				CLANG_WARN_OBJC_LITERAL_CONVERSION = YES;
				CLANG_WARN_OBJC_ROOT_CLASS = YES_ERROR;
				CLANG_WARN_QUOTED_INCLUDE_IN_FRAMEWORK_HEADER = YES;
				CLANG_WARN_RANGE_LOOP_ANALYSIS = YES;
				CLANG_WARN_STRICT_PROTOTYPES = YES;
				CLANG_WARN_SUSPICIOUS_MOVE = YES;
				CLANG_WARN_UNGUARDED_AVAILABILITY = YES_AGGRESSIVE;
				CLANG_WARN_UNREACHABLE_CODE = YES;
				CLANG_WARN__DUPLICATE_METHOD_MATCH = YES;
				COPY_PHASE_STRIP = NO;
				DEAD_CODE_STRIPPING = YES;
				DEBUG_INFORMATION_FORMAT = "dwarf-with-dsym";
				ENABLE_NS_ASSERTIONS = NO;
				ENABLE_STRICT_OBJC_MSGSEND = YES;
				ENABLE_USER_SCRIPT_SANDBOXING = YES;
				GCC_C_LANGUAGE_STANDARD = gnu17;
				GCC_NO_COMMON_BLOCKS = YES;
				GCC_WARN_64_TO_32_BIT_CONVERSION = YES;
				GCC_WARN_ABOUT_RETURN_TYPE = YES_ERROR;
				GCC_WARN_UNDECLARED_SELECTOR = YES;
				GCC_WARN_UNINITIALIZED_AUTOS = YES_AGGRESSIVE;
				GCC_WARN_UNUSED_FUNCTION = YES;
				GCC_WARN_UNUSED_VARIABLE = YES;
				LOCALIZATION_PREFERS_STRING_CATALOGS = YES;
				MTL_ENABLE_DEBUG_INFO = NO;
				MTL_FAST_MATH = YES;
				STRING_CATALOG_GENERATE_SYMBOLS = YES;
				SWIFT_COMPILATION_MODE = wholemodule;
			};
			name = Release;
		};
		6DBD7F852E343DF600608F0D /* Debug */ = {
			isa = XCBuildConfiguration;
			buildSettings = {
				ASSETCATALOG_COMPILER_APPICON_NAME = AppIcon;
				ASSETCATALOG_COMPILER_GLOBAL_ACCENT_COLOR_NAME = AccentColor;
				CODE_SIGN_ENTITLEMENTS = RunBeat/runbeat.entitlements;
				CODE_SIGN_STYLE = Automatic;
				CURRENT_PROJECT_VERSION = 1;
				DEAD_CODE_STRIPPING = YES;
				DEVELOPMENT_TEAM = 4BLMB9VVQ8;
				ENABLE_APP_SANDBOX = YES;
				ENABLE_PREVIEWS = YES;
				ENABLE_USER_SELECTED_FILES = readonly;
				GENERATE_INFOPLIST_FILE = NO;
				INFOPLIST_FILE = Info.plist;
				IPHONEOS_DEPLOYMENT_TARGET = 18.5;
				LD_RUNPATH_SEARCH_PATHS = "@executable_path/Frameworks";
				"LD_RUNPATH_SEARCH_PATHS[sdk=macosx*]" = "@executable_path/../Frameworks";
				MARKETING_VERSION = 1.0;
				PRODUCT_BUNDLE_IDENTIFIER = com.markshore.runbeat;
				PRODUCT_NAME = "$(TARGET_NAME)";
				REGISTER_APP_GROUPS = YES;
				SDKROOT = auto;
				SUPPORTED_PLATFORMS = "iphoneos iphonesimulator";
				SUPPORTS_MACCATALYST = NO;
				SWIFT_EMIT_LOC_STRINGS = YES;
				SWIFT_VERSION = 5.0;
				TARGETED_DEVICE_FAMILY = 1;
			};
			name = Debug;
		};
		6DBD7F862E343DF600608F0D /* Release */ = {
			isa = XCBuildConfiguration;
			buildSettings = {
				ASSETCATALOG_COMPILER_APPICON_NAME = AppIcon;
				ASSETCATALOG_COMPILER_GLOBAL_ACCENT_COLOR_NAME = AccentColor;
				CODE_SIGN_ENTITLEMENTS = RunBeat/runbeat.entitlements;
				CODE_SIGN_STYLE = Automatic;
				CURRENT_PROJECT_VERSION = 1;
				DEAD_CODE_STRIPPING = YES;
				DEVELOPMENT_TEAM = 4BLMB9VVQ8;
				ENABLE_APP_SANDBOX = YES;
				ENABLE_PREVIEWS = YES;
				ENABLE_USER_SELECTED_FILES = readonly;
				GENERATE_INFOPLIST_FILE = NO;
				INFOPLIST_FILE = Info.plist;
				IPHONEOS_DEPLOYMENT_TARGET = 18.5;
				LD_RUNPATH_SEARCH_PATHS = "@executable_path/Frameworks";
				"LD_RUNPATH_SEARCH_PATHS[sdk=macosx*]" = "@executable_path/../Frameworks";
				MARKETING_VERSION = 1.0;
				PRODUCT_BUNDLE_IDENTIFIER = com.markshore.runbeat;
				PRODUCT_NAME = "$(TARGET_NAME)";
				REGISTER_APP_GROUPS = YES;
				SDKROOT = auto;
				SUPPORTED_PLATFORMS = "iphoneos iphonesimulator";
				SUPPORTS_MACCATALYST = NO;
				SWIFT_EMIT_LOC_STRINGS = YES;
				SWIFT_VERSION = 5.0;
				TARGETED_DEVICE_FAMILY = 1;
			};
			name = Release;
		};
		6DBD7F882E343DF600608F0D /* Debug */ = {
			isa = XCBuildConfiguration;
			buildSettings = {
				BUNDLE_LOADER = "$(TEST_HOST)";
				CODE_SIGN_STYLE = Automatic;
				CURRENT_PROJECT_VERSION = 1;
				DEAD_CODE_STRIPPING = YES;
				GENERATE_INFOPLIST_FILE = YES;
				IPHONEOS_DEPLOYMENT_TARGET = 18.5;
				MACOSX_DEPLOYMENT_TARGET = 15.5;
				MARKETING_VERSION = 1.0;
				PRODUCT_BUNDLE_IDENTIFIER = com.markshore.runbeat.tests;
				PRODUCT_NAME = "$(TARGET_NAME)";
				SDKROOT = auto;
				SUPPORTED_PLATFORMS = "iphoneos iphonesimulator macosx xros xrsimulator";
				SWIFT_EMIT_LOC_STRINGS = NO;
				SWIFT_VERSION = 5.0;
				TARGETED_DEVICE_FAMILY = "1,2,7";
				TEST_HOST = "$(BUILT_PRODUCTS_DIR)/RunBeat.app/$(BUNDLE_EXECUTABLE_FOLDER_PATH)/RunBeat";
				XROS_DEPLOYMENT_TARGET = 2.5;
			};
			name = Debug;
		};
		6DBD7F892E343DF600608F0D /* Release */ = {
			isa = XCBuildConfiguration;
			buildSettings = {
				BUNDLE_LOADER = "$(TEST_HOST)";
				CODE_SIGN_STYLE = Automatic;
				CURRENT_PROJECT_VERSION = 1;
				DEAD_CODE_STRIPPING = YES;
				GENERATE_INFOPLIST_FILE = YES;
				IPHONEOS_DEPLOYMENT_TARGET = 18.5;
				MACOSX_DEPLOYMENT_TARGET = 15.5;
				MARKETING_VERSION = 1.0;
				PRODUCT_BUNDLE_IDENTIFIER = com.markshore.runbeat.tests;
				PRODUCT_NAME = "$(TARGET_NAME)";
				SDKROOT = auto;
				SUPPORTED_PLATFORMS = "iphoneos iphonesimulator macosx xros xrsimulator";
				SWIFT_EMIT_LOC_STRINGS = NO;
				SWIFT_VERSION = 5.0;
				TARGETED_DEVICE_FAMILY = "1,2,7";
				TEST_HOST = "$(BUILT_PRODUCTS_DIR)/RunBeat.app/$(BUNDLE_EXECUTABLE_FOLDER_PATH)/RunBeat";
				XROS_DEPLOYMENT_TARGET = 2.5;
			};
			name = Release;
		};
		6DBD7F8B2E343DF600608F0D /* Debug */ = {
			isa = XCBuildConfiguration;
			buildSettings = {
				CODE_SIGN_STYLE = Automatic;
				CURRENT_PROJECT_VERSION = 1;
				DEAD_CODE_STRIPPING = YES;
				GENERATE_INFOPLIST_FILE = YES;
				IPHONEOS_DEPLOYMENT_TARGET = 18.5;
				MACOSX_DEPLOYMENT_TARGET = 15.5;
				MARKETING_VERSION = 1.0;
				PRODUCT_BUNDLE_IDENTIFIER = com.markshore.runbeat.uitests;
				PRODUCT_NAME = "$(TARGET_NAME)";
				SDKROOT = auto;
				SUPPORTED_PLATFORMS = "iphoneos iphonesimulator macosx xros xrsimulator";
				SWIFT_EMIT_LOC_STRINGS = NO;
				SWIFT_VERSION = 5.0;
				TARGETED_DEVICE_FAMILY = "1,2,7";
				TEST_TARGET_NAME = RunBeat;
				XROS_DEPLOYMENT_TARGET = 2.5;
			};
			name = Debug;
		};
		6DBD7F8C2E343DF600608F0D /* Release */ = {
			isa = XCBuildConfiguration;
			buildSettings = {
				CODE_SIGN_STYLE = Automatic;
				CURRENT_PROJECT_VERSION = 1;
				DEAD_CODE_STRIPPING = YES;
				GENERATE_INFOPLIST_FILE = YES;
				IPHONEOS_DEPLOYMENT_TARGET = 18.5;
				MACOSX_DEPLOYMENT_TARGET = 15.5;
				MARKETING_VERSION = 1.0;
				PRODUCT_BUNDLE_IDENTIFIER = com.markshore.runbeat.uitests;
				PRODUCT_NAME = "$(TARGET_NAME)";
				SDKROOT = auto;
				SUPPORTED_PLATFORMS = "iphoneos iphonesimulator macosx xros xrsimulator";
				SWIFT_EMIT_LOC_STRINGS = NO;
				SWIFT_VERSION = 5.0;
				TARGETED_DEVICE_FAMILY = "1,2,7";
				TEST_TARGET_NAME = RunBeat;
				XROS_DEPLOYMENT_TARGET = 2.5;
			};
			name = Release;
		};
/* End XCBuildConfiguration section */

/* Begin XCConfigurationList section */
		6DBD7F5D2E343DF300608F0D /* Build configuration list for PBXProject "RunBeat" */ = {
			isa = XCConfigurationList;
			buildConfigurations = (
				6DBD7F822E343DF600608F0D /* Debug */,
				6DBD7F832E343DF600608F0D /* Release */,
			);
			defaultConfigurationIsVisible = 0;
			defaultConfigurationName = Release;
		};
		6DBD7F842E343DF600608F0D /* Build configuration list for PBXNativeTarget "RunBeat" */ = {
			isa = XCConfigurationList;
			buildConfigurations = (
				6DBD7F852E343DF600608F0D /* Debug */,
				6DBD7F862E343DF600608F0D /* Release */,
			);
			defaultConfigurationIsVisible = 0;
			defaultConfigurationName = Release;
		};
		6DBD7F872E343DF600608F0D /* Build configuration list for PBXNativeTarget "RunBeatTests" */ = {
			isa = XCConfigurationList;
			buildConfigurations = (
				6DBD7F882E343DF600608F0D /* Debug */,
				6DBD7F892E343DF600608F0D /* Release */,
			);
			defaultConfigurationIsVisible = 0;
			defaultConfigurationName = Release;
		};
		6DBD7F8A2E343DF600608F0D /* Build configuration list for PBXNativeTarget "RunBeatUITests" */ = {
			isa = XCConfigurationList;
			buildConfigurations = (
				6DBD7F8B2E343DF600608F0D /* Debug */,
				6DBD7F8C2E343DF600608F0D /* Release */,
			);
			defaultConfigurationIsVisible = 0;
			defaultConfigurationName = Release;
		};
/* End XCConfigurationList section */

/* Begin XCRemoteSwiftPackageReference section */
		6D1EAA6C2E6141D9005572D3 /* XCRemoteSwiftPackageReference "firebase-ios-sdk" */ = {
			isa = XCRemoteSwiftPackageReference;
			repositoryURL = "https://github.com/firebase/firebase-ios-sdk";
			requirement = {
				kind = upToNextMajorVersion;
				minimumVersion = 12.2.0;
			};
		};
		6D34307D2E4511D7003F0058 /* XCRemoteSwiftPackageReference "ios-sdk" */ = {
			isa = XCRemoteSwiftPackageReference;
			repositoryURL = "https://github.com/spotify/ios-sdk";
			requirement = {
				kind = upToNextMajorVersion;
				minimumVersion = 2.0.0;
			};
		};
/* End XCRemoteSwiftPackageReference section */

/* Begin XCSwiftPackageProductDependency section */
		6D1EAA6D2E6141D9005572D3 /* FirebaseAnalytics */ = {
			isa = XCSwiftPackageProductDependency;
			package = 6D1EAA6C2E6141D9005572D3 /* XCRemoteSwiftPackageReference "firebase-ios-sdk" */;
			productName = FirebaseAnalytics;
		};
		6D1EAA6F2E6141D9005572D3 /* FirebaseAuth */ = {
			isa = XCSwiftPackageProductDependency;
			package = 6D1EAA6C2E6141D9005572D3 /* XCRemoteSwiftPackageReference "firebase-ios-sdk" */;
			productName = FirebaseAuth;
		};
		6D1EAA712E6141D9005572D3 /* FirebaseFirestore */ = {
			isa = XCSwiftPackageProductDependency;
			package = 6D1EAA6C2E6141D9005572D3 /* XCRemoteSwiftPackageReference "firebase-ios-sdk" */;
			productName = FirebaseFirestore;
		};
		6D1EAA732E6141D9005572D3 /* FirebaseFunctions */ = {
			isa = XCSwiftPackageProductDependency;
			package = 6D1EAA6C2E6141D9005572D3 /* XCRemoteSwiftPackageReference "firebase-ios-sdk" */;
			productName = FirebaseFunctions;
		};
		6D1EAA752E6141D9005572D3 /* FirebaseMessaging */ = {
			isa = XCSwiftPackageProductDependency;
			package = 6D1EAA6C2E6141D9005572D3 /* XCRemoteSwiftPackageReference "firebase-ios-sdk" */;
			productName = FirebaseMessaging;
		};
		6D34307E2E4511D7003F0058 /* SpotifyiOS */ = {
			isa = XCSwiftPackageProductDependency;
			package = 6D34307D2E4511D7003F0058 /* XCRemoteSwiftPackageReference "ios-sdk" */;
			productName = SpotifyiOS;
		};
/* End XCSwiftPackageProductDependency section */
	};
	rootObject = 6DBD7F5A2E343DF300608F0D /* Project object */;
}
