{
  "originHash" : "1c78ec4c864394dd305bb035534c9f8aa226121d92b714af20bc936977fff195",
  "pins" : [
    {
      "identity" : "ios-sdk",
      "kind" : "remoteSourceControl",
      "location" : "https://github.com/spotify/ios-sdk",
      "state" : {
        "revision" : "5bd49e227145dee4871b1667bf81a2b896590176",
        "version" : "2.1.7"
      }
    }
  ],
  "version" : 3
}
